// !$*UTF8*$!
{
	archiveVersion = 1;
	classes = {
	};
	objectVersion = 50;
	objects = {

/* Begin PBXBuildFile section */
		CB9D9C5321E528A900055EC9 /* ArtCell.swift in Sources */ = {isa = PBXBuildFile; fileRef = CB9D9C5221E528A900055EC9 /* ArtCell.swift */; };
		CB9D9C5521E528FB00055EC9 /* AbstractionViewController.swift in Sources */ = {isa = PBXBuildFile; fileRef = CB9D9C5421E528FB00055EC9 /* AbstractionViewController.swift */; };
		CB9D9C5721E5290C00055EC9 /* AlgorithmViewController.swift in Sources */ = {isa = PBXBuildFile; fileRef = CB9D9C5621E5290C00055EC9 /* AlgorithmViewController.swift */; };
		CB9D9C5A21E5293800055EC9 /* DataViewController.swift in Sources */ = {isa = PBXBuildFile; fileRef = CB9D9C5821E5293800055EC9 /* DataViewController.swift */; };
		CB9D9C5B21E5293800055EC9 /* BucketItemCell.swift in Sources */ = {isa = PBXBuildFile; fileRef = CB9D9C5921E5293800055EC9 /* BucketItemCell.swift */; };
		CB9D9C5E21E52F6500055EC9 /* BucketItem.swift in Sources */ = {isa = PBXBuildFile; fileRef = CB9D9C5D21E52F6500055EC9 /* BucketItem.swift */; };
		CBED7E7421DFF5FD00937063 /* AppDelegate.swift in Sources */ = {isa = PBXBuildFile; fileRef = CBED7E7321DFF5FD00937063 /* AppDelegate.swift */; };
		CBED7E7B21DFF60900937063 /* Assets.xcassets in Resources */ = {isa = PBXBuildFile; fileRef = CBED7E7A21DFF60900937063 /* Assets.xcassets */; };
		CBED7E8F21DFF90C00937063 /* ArtCollectionViewController.swift in Sources */ = {isa = PBXBuildFile; fileRef = CBED7E8D21DFF90C00937063 /* ArtCollectionViewController.swift */; };
		CBED7E9021DFF90C00937063 /* DrawingViewController.swift in Sources */ = {isa = PBXBuildFile; fileRef = CBED7E8E21DFF90C00937063 /* DrawingViewController.swift */; };
		CBED7E9221DFF9A100937063 /* DrawingView.swift in Sources */ = {isa = PBXBuildFile; fileRef = CBED7E9121DFF9A100937063 /* DrawingView.swift */; };
		CBED7E9621DFF9D600937063 /* Main.storyboard in Resources */ = {isa = PBXBuildFile; fileRef = CBED7E9521DFF9D600937063 /* Main.storyboard */; };
/* End PBXBuildFile section */

/* Begin PBXFileReference section */
		CB9D9C5221E528A900055EC9 /* ArtCell.swift */ = {isa = PBXFileReference; fileEncoding = 4; lastKnownFileType = sourcecode.swift; path = ArtCell.swift; sourceTree = "<group>"; };
		CB9D9C5421E528FB00055EC9 /* AbstractionViewController.swift */ = {isa = PBXFileReference; fileEncoding = 4; lastKnownFileType = sourcecode.swift; path = AbstractionViewController.swift; sourceTree = "<group>"; };
		CB9D9C5621E5290C00055EC9 /* AlgorithmViewController.swift */ = {isa = PBXFileReference; fileEncoding = 4; lastKnownFileType = sourcecode.swift; path = AlgorithmViewController.swift; sourceTree = "<group>"; };
		CB9D9C5821E5293800055EC9 /* DataViewController.swift */ = {isa = PBXFileReference; fileEncoding = 4; lastKnownFileType = sourcecode.swift; path = DataViewController.swift; sourceTree = "<group>"; };
		CB9D9C5921E5293800055EC9 /* BucketItemCell.swift */ = {isa = PBXFileReference; fileEncoding = 4; lastKnownFileType = sourcecode.swift; path = BucketItemCell.swift; sourceTree = "<group>"; };
		CB9D9C5D21E52F6500055EC9 /* BucketItem.swift */ = {isa = PBXFileReference; fileEncoding = 4; lastKnownFileType = sourcecode.swift; path = BucketItem.swift; sourceTree = "<group>"; };
		CBED7E7021DFF5FD00937063 /* MegaCSP.app */ = {isa = PBXFileReference; explicitFileType = wrapper.application; includeInIndex = 0; path = MegaCSP.app; sourceTree = BUILT_PRODUCTS_DIR; };
		CBED7E7321DFF5FD00937063 /* AppDelegate.swift */ = {isa = PBXFileReference; lastKnownFileType = sourcecode.swift; path = AppDelegate.swift; sourceTree = "<group>"; };
		CBED7E7A21DFF60900937063 /* Assets.xcassets */ = {isa = PBXFileReference; lastKnownFileType = folder.assetcatalog; path = Assets.xcassets; sourceTree = "<group>"; };
		CBED7E7F21DFF60900937063 /* Info.plist */ = {isa = PBXFileReference; lastKnownFileType = text.plist.xml; path = Info.plist; sourceTree = "<group>"; };
		CBED7E8D21DFF90C00937063 /* ArtCollectionViewController.swift */ = {isa = PBXFileReference; fileEncoding = 4; lastKnownFileType = sourcecode.swift; name = ArtCollectionViewController.swift; path = ../../../../DrawingProject/DrawingProject/Controller/ArtCollectionViewController.swift; sourceTree = "<group>"; };
		CBED7E8E21DFF90C00937063 /* DrawingViewController.swift */ = {isa = PBXFileReference; fileEncoding = 4; lastKnownFileType = sourcecode.swift; name = DrawingViewController.swift; path = ../../../../DrawingProject/DrawingProject/Controller/DrawingViewController.swift; sourceTree = "<group>"; };
		CBED7E9121DFF9A100937063 /* DrawingView.swift */ = {isa = PBXFileReference; fileEncoding = 4; lastKnownFileType = sourcecode.swift; name = DrawingView.swift; path = ../../../DrawingProject/DrawingProject/View/DrawingView.swift; sourceTree = "<group>"; };
		CBED7E9521DFF9D600937063 /* Main.storyboard */ = {isa = PBXFileReference; lastKnownFileType = file.storyboard; path = Main.storyboard; sourceTree = "<group>"; };
/* End PBXFileReference section */

/* Begin PBXFrameworksBuildPhase section */
		CBED7E6D21DFF5FD00937063 /* Frameworks */ = {
			isa = PBXFrameworksBuildPhase;
			buildActionMask = 2147483647;
			files = (
			);
			runOnlyForDeploymentPostprocessing = 0;
		};
/* End PBXFrameworksBuildPhase section */

/* Begin PBXGroup section */
		CB9D9C5C21E52F4200055EC9 /* Model */ = {
			isa = PBXGroup;
			children = (
				CB9D9C5D21E52F6500055EC9 /* BucketItem.swift */,
			);
			path = Model;
			sourceTree = "<group>";
		};
		CBED7E6721DFF5FD00937063 = {
			isa = PBXGroup;
			children = (
				CBED7E7221DFF5FD00937063 /* MegaCSP */,
				CBED7E7121DFF5FD00937063 /* Products */,
			);
			sourceTree = "<group>";
		};
		CBED7E7121DFF5FD00937063 /* Products */ = {
			isa = PBXGroup;
			children = (
				CBED7E7021DFF5FD00937063 /* MegaCSP.app */,
			);
			name = Products;
			sourceTree = "<group>";
		};
		CBED7E7221DFF5FD00937063 /* MegaCSP */ = {
			isa = PBXGroup;
			children = (
				CB9D9C5C21E52F4200055EC9 /* Model */,
				CBED7E8521DFF61A00937063 /* Resources */,
				CBED7E8621DFF63300937063 /* Controller */,
				CBED7E8721DFF63E00937063 /* View */,
			);
			path = MegaCSP;
			sourceTree = "<group>";
		};
		CBED7E8521DFF61A00937063 /* Resources */ = {
			isa = PBXGroup;
			children = (
				CBED7E7321DFF5FD00937063 /* AppDelegate.swift */,
				CBED7E7A21DFF60900937063 /* Assets.xcassets */,
				CBED7E7F21DFF60900937063 /* Info.plist */,
			);
			path = Resources;
			sourceTree = "<group>";
		};
		CBED7E8621DFF63300937063 /* Controller */ = {
			isa = PBXGroup;
			children = (
				CBED7E8C21DFF7BB00937063 /* Algorithm */,
				CBED7E8B21DFF7B300937063 /* Abstraction */,
				CBED7E8A21DFF7A200937063 /* Creativity */,
				CBED7E8921DFF79800937063 /* Data */,
			);
			path = Controller;
			sourceTree = "<group>";
		};
		CBED7E8721DFF63E00937063 /* View */ = {
			isa = PBXGroup;
			children = (
				CB9D9C5221E528A900055EC9 /* ArtCell.swift */,
				CBED7E9121DFF9A100937063 /* DrawingView.swift */,
				CBED7E9521DFF9D600937063 /* Main.storyboard */,
			);
			path = View;
			sourceTree = "<group>";
		};
		CBED7E8921DFF79800937063 /* Data */ = {
			isa = PBXGroup;
			children = (
				CB9D9C5921E5293800055EC9 /* BucketItemCell.swift */,
				CB9D9C5821E5293800055EC9 /* DataViewController.swift */,
			);
			path = Data;
			sourceTree = "<group>";
		};
		CBED7E8A21DFF7A200937063 /* Creativity */ = {
			isa = PBXGroup;
			children = (
				CBED7E8D21DFF90C00937063 /* ArtCollectionViewController.swift */,
				CBED7E8E21DFF90C00937063 /* DrawingViewController.swift */,
			);
			path = Creativity;
			sourceTree = "<group>";
		};
		CBED7E8B21DFF7B300937063 /* Abstraction */ = {
			isa = PBXGroup;
			children = (
				CB9D9C5421E528FB00055EC9 /* AbstractionViewController.swift */,
			);
			path = Abstraction;
			sourceTree = "<group>";
		};
		CBED7E8C21DFF7BB00937063 /* Algorithm */ = {
			isa = PBXGroup;
			children = (
				CB9D9C5621E5290C00055EC9 /* AlgorithmViewController.swift */,
			);
			path = Algorithm;
			sourceTree = "<group>";
		};
/* End PBXGroup section */

/* Begin PBXNativeTarget section */
		CBED7E6F21DFF5FD00937063 /* MegaCSP */ = {
			isa = PBXNativeTarget;
			buildConfigurationList = CBED7E8221DFF60900937063 /* Build configuration list for PBXNativeTarget "MegaCSP" */;
			buildPhases = (
				CBED7E6C21DFF5FD00937063 /* Sources */,
				CBED7E6D21DFF5FD00937063 /* Frameworks */,
				CBED7E6E21DFF5FD00937063 /* Resources */,
			);
			buildRules = (
			);
			dependencies = (
			);
			name = MegaCSP;
			productName = MegaCSP;
			productReference = CBED7E7021DFF5FD00937063 /* MegaCSP.app */;
			productType = "com.apple.product-type.application";
		};
/* End PBXNativeTarget section */

/* Begin PBXProject section */
		CBED7E6821DFF5FD00937063 /* Project object */ = {
			isa = PBXProject;
			attributes = {
				LastSwiftUpdateCheck = 1000;
				LastUpgradeCheck = 1000;
				ORGANIZATIONNAME = CTEC;
				TargetAttributes = {
					CBED7E6F21DFF5FD00937063 = {
						CreatedOnToolsVersion = 10.0;
					};
				};
			};
			buildConfigurationList = CBED7E6B21DFF5FD00937063 /* Build configuration list for PBXProject "MegaCSP" */;
			compatibilityVersion = "Xcode 9.3";
			developmentRegion = en;
			hasScannedForEncodings = 0;
			knownRegions = (
				en,
				Base,
			);
			mainGroup = CBED7E6721DFF5FD00937063;
			productRefGroup = CBED7E7121DFF5FD00937063 /* Products */;
			projectDirPath = "";
			projectRoot = "";
			targets = (
				CBED7E6F21DFF5FD00937063 /* MegaCSP */,
			);
		};
/* End PBXProject section */

/* Begin PBXResourcesBuildPhase section */
		CBED7E6E21DFF5FD00937063 /* Resources */ = {
			isa = PBXResourcesBuildPhase;
			buildActionMask = 2147483647;
			files = (
				CBED7E7B21DFF60900937063 /* Assets.xcassets in Resources */,
				CBED7E9621DFF9D600937063 /* Main.storyboard in Resources */,
			);
			runOnlyForDeploymentPostprocessing = 0;
		};
/* End PBXResourcesBuildPhase section */

/* Begin PBXSourcesBuildPhase section */
		CBED7E6C21DFF5FD00937063 /* Sources */ = {
			isa = PBXSourcesBuildPhase;
			buildActionMask = 2147483647;
			files = (
				CBED7E8F21DFF90C00937063 /* ArtCollectionViewController.swift in Sources */,
				CBED7E9021DFF90C00937063 /* DrawingViewController.swift in Sources */,
				CBED7E9221DFF9A100937063 /* DrawingView.swift in Sources */,
				CB9D9C5521E528FB00055EC9 /* AbstractionViewController.swift in Sources */,
				CB9D9C5A21E5293800055EC9 /* DataViewController.swift in Sources */,
				CB9D9C5721E5290C00055EC9 /* AlgorithmViewController.swift in Sources */,
				CB9D9C5B21E5293800055EC9 /* BucketItemCell.swift in Sources */,
				CBED7E7421DFF5FD00937063 /* AppDelegate.swift in Sources */,
				CB9D9C5E21E52F6500055EC9 /* BucketItem.swift in Sources */,
				CB9D9C5321E528A900055EC9 /* ArtCell.swift in Sources */,
			);
			runOnlyForDeploymentPostprocessing = 0;
		};
/* End PBXSourcesBuildPhase section */

/* Begin XCBuildConfiguration section */
		CBED7E8021DFF60900937063 /* Debug */ = {
			isa = XCBuildConfiguration;
			buildSettings = {
				ALWAYS_SEARCH_USER_PATHS = NO;
				CLANG_ANALYZER_NONNULL = YES;
				CLANG_ANALYZER_NUMBER_OBJECT_CONVERSION = YES_AGGRESSIVE;
				CLANG_CXX_LANGUAGE_STANDARD = "gnu++14";
				CLANG_CXX_LIBRARY = "libc++";
				CLANG_ENABLE_MODULES = YES;
				CLANG_ENABLE_OBJC_ARC = YES;
				CLANG_ENABLE_OBJC_WEAK = YES;
				CLANG_WARN_BLOCK_CAPTURE_AUTORELEASING = YES;
				CLANG_WARN_BOOL_CONVERSION = YES;
				CLANG_WARN_COMMA = YES;
				CLANG_WARN_CONSTANT_CONVERSION = YES;
				CLANG_WARN_DEPRECATED_OBJC_IMPLEMENTATIONS = YES;
				CLANG_WARN_DIRECT_OBJC_ISA_USAGE = YES_ERROR;
				CLANG_WARN_DOCUMENTATION_COMMENTS = YES;
				CLANG_WARN_EMPTY_BODY = YES;
				CLANG_WARN_ENUM_CONVERSION = YES;
				CLANG_WARN_INFINITE_RECURSION = YES;
				CLANG_WARN_INT_CONVERSION = YES;
				CLANG_WARN_NON_LITERAL_NULL_CONVERSION = YES;
				CLANG_WARN_OBJC_IMPLICIT_RETAIN_SELF = YES;
				CLANG_WARN_OBJC_LITERAL_CONVERSION = YES;
				CLANG_WARN_OBJC_ROOT_CLASS = YES_ERROR;
				CLANG_WARN_RANGE_LOOP_ANALYSIS = YES;
				CLANG_WARN_STRICT_PROTOTYPES = YES;
				CLANG_WARN_SUSPICIOUS_MOVE = YES;
				CLANG_WARN_UNGUARDED_AVAILABILITY = YES_AGGRESSIVE;
				CLANG_WARN_UNREACHABLE_CODE = YES;
				CLANG_WARN__DUPLICATE_METHOD_MATCH = YES;
				CODE_SIGN_IDENTITY = "iPhone Developer";
				COPY_PHASE_STRIP = NO;
				DEBUG_INFORMATION_FORMAT = dwarf;
				ENABLE_STRICT_OBJC_MSGSEND = YES;
				ENABLE_TESTABILITY = YES;
				GCC_C_LANGUAGE_STANDARD = gnu11;
				GCC_DYNAMIC_NO_PIC = NO;
				GCC_NO_COMMON_BLOCKS = YES;
				GCC_OPTIMIZATION_LEVEL = 0;
				GCC_PREPROCESSOR_DEFINITIONS = (
					"DEBUG=1",
					"$(inherited)",
				);
				GCC_WARN_64_TO_32_BIT_CONVERSION = YES;
				GCC_WARN_ABOUT_RETURN_TYPE = YES_ERROR;
				GCC_WARN_UNDECLARED_SELECTOR = YES;
				GCC_WARN_UNINITIALIZED_AUTOS = YES_AGGRESSIVE;
				GCC_WARN_UNUSED_FUNCTION = YES;
				GCC_WARN_UNUSED_VARIABLE = YES;
				IPHONEOS_DEPLOYMENT_TARGET = 12.0;
				MTL_ENABLE_DEBUG_INFO = INCLUDE_SOURCE;
				MTL_FAST_MATH = YES;
				ONLY_ACTIVE_ARCH = YES;
				SDKROOT = iphoneos;
				SWIFT_ACTIVE_COMPILATION_CONDITIONS = DEBUG;
				SWIFT_OPTIMIZATION_LEVEL = "-Onone";
			};
			name = Debug;
		};
		CBED7E8121DFF60900937063 /* Release */ = {
			isa = XCBuildConfiguration;
			buildSettings = {
				ALWAYS_SEARCH_USER_PATHS = NO;
				CLANG_ANALYZER_NONNULL = YES;
				CLANG_ANALYZER_NUMBER_OBJECT_CONVERSION = YES_AGGRESSIVE;
				CLANG_CXX_LANGUAGE_STANDARD = "gnu++14";
				CLANG_CXX_LIBRARY = "libc++";
				CLANG_ENABLE_MODULES = YES;
				CLANG_ENABLE_OBJC_ARC = YES;
				CLANG_ENABLE_OBJC_WEAK = YES;
				CLANG_WARN_BLOCK_CAPTURE_AUTORELEASING = YES;
				CLANG_WARN_BOOL_CONVERSION = YES;
				CLANG_WARN_COMMA = YES;
				CLANG_WARN_CONSTANT_CONVERSION = YES;
				CLANG_WARN_DEPRECATED_OBJC_IMPLEMENTATIONS = YES;
				CLANG_WARN_DIRECT_OBJC_ISA_USAGE = YES_ERROR;
				CLANG_WARN_DOCUMENTATION_COMMENTS = YES;
				CLANG_WARN_EMPTY_BODY = YES;
				CLANG_WARN_ENUM_CONVERSION = YES;
				CLANG_WARN_INFINITE_RECURSION = YES;
				CLANG_WARN_INT_CONVERSION = YES;
				CLANG_WARN_NON_LITERAL_NULL_CONVERSION = YES;
				CLANG_WARN_OBJC_IMPLICIT_RETAIN_SELF = YES;
				CLANG_WARN_OBJC_LITERAL_CONVERSION = YES;
				CLANG_WARN_OBJC_ROOT_CLASS = YES_ERROR;
				CLANG_WARN_RANGE_LOOP_ANALYSIS = YES;
				CLANG_WARN_STRICT_PROTOTYPES = YES;
				CLANG_WARN_SUSPICIOUS_MOVE = YES;
				CLANG_WARN_UNGUARDED_AVAILABILITY = YES_AGGRESSIVE;
				CLANG_WARN_UNREACHABLE_CODE = YES;
				CLANG_WARN__DUPLICATE_METHOD_MATCH = YES;
				CODE_SIGN_IDENTITY = "iPhone Developer";
				COPY_PHASE_STRIP = NO;
				DEBUG_INFORMATION_FORMAT = "dwarf-with-dsym";
				ENABLE_NS_ASSERTIONS = NO;
				ENABLE_STRICT_OBJC_MSGSEND = YES;
				GCC_C_LANGUAGE_STANDARD = gnu11;
				GCC_NO_COMMON_BLOCKS = YES;
				GCC_WARN_64_TO_32_BIT_CONVERSION = YES;
				GCC_WARN_ABOUT_RETURN_TYPE = YES_ERROR;
				GCC_WARN_UNDECLARED_SELECTOR = YES;
				GCC_WARN_UNINITIALIZED_AUTOS = YES_AGGRESSIVE;
				GCC_WARN_UNUSED_FUNCTION = YES;
				GCC_WARN_UNUSED_VARIABLE = YES;
				IPHONEOS_DEPLOYMENT_TARGET = 12.0;
				MTL_ENABLE_DEBUG_INFO = NO;
				MTL_FAST_MATH = YES;
				SDKROOT = iphoneos;
				SWIFT_COMPILATION_MODE = wholemodule;
				SWIFT_OPTIMIZATION_LEVEL = "-O";
				VALIDATE_PRODUCT = YES;
			};
			name = Release;
		};
		CBED7E8321DFF60900937063 /* Debug */ = {
			isa = XCBuildConfiguration;
			buildSettings = {
				ASSETCATALOG_COMPILER_APPICON_NAME = AppIcon;
				CODE_SIGN_STYLE = Automatic;
				DEVELOPMENT_TEAM = M3L692KDA4;
				INFOPLIST_FILE = "$(SRCROOT)/MegaCSP/Resources/Info.plist";
				LD_RUNPATH_SEARCH_PATHS = (
					"$(inherited)",
					"@executable_path/Frameworks",
				);
				PRODUCT_BUNDLE_IDENTIFIER = CTEC.MegaCSP;
				PRODUCT_NAME = "$(TARGET_NAME)";
				SWIFT_VERSION = 4.2;
				TARGETED_DEVICE_FAMILY = "1,2";
			};
			name = Debug;
		};
		CBED7E8421DFF60900937063 /* Release */ = {
			isa = XCBuildConfiguration;
			buildSettings = {
				ASSETCATALOG_COMPILER_APPICON_NAME = AppIcon;
				CODE_SIGN_STYLE = Automatic;
				DEVELOPMENT_TEAM = M3L692KDA4;
				INFOPLIST_FILE = "$(SRCROOT)/MegaCSP/Resources/Info.plist";
				LD_RUNPATH_SEARCH_PATHS = (
					"$(inherited)",
					"@executable_path/Frameworks",
				);
				PRODUCT_BUNDLE_IDENTIFIER = CTEC.MegaCSP;
				PRODUCT_NAME = "$(TARGET_NAME)";
				SWIFT_VERSION = 4.2;
				TARGETED_DEVICE_FAMILY = "1,2";
			};
			name = Release;
		};
/* End XCBuildConfiguration section */

/* Begin XCConfigurationList section */
		CBED7E6B21DFF5FD00937063 /* Build configuration list for PBXProject "MegaCSP" */ = {
			isa = XCConfigurationList;
			buildConfigurations = (
				CBED7E8021DFF60900937063 /* Debug */,
				CBED7E8121DFF60900937063 /* Release */,
			);
			defaultConfigurationIsVisible = 0;
			defaultConfigurationName = Release;
		};
		CBED7E8221DFF60900937063 /* Build configuration list for PBXNativeTarget "MegaCSP" */ = {
			isa = XCConfigurationList;
			buildConfigurations = (
				CBED7E8321DFF60900937063 /* Debug */,
				CBED7E8421DFF60900937063 /* Release */,
			);
			defaultConfigurationIsVisible = 0;
			defaultConfigurationName = Release;
		};
/* End XCConfigurationList section */
	};
	rootObject = CBED7E6821DFF5FD00937063 /* Project object */;
}
